// !$*UTF8*$!
{
	archiveVersion = 1;
	classes = {
	};
	objectVersion = 46;
	objects = {

/* Begin PBXBuildFile section */
		271F9A1B1EB3A66400DF4964 /* AppDelegate.swift in Sources */ = {isa = PBXBuildFile; fileRef = 271F9A1A1EB3A66400DF4964 /* AppDelegate.swift */; };
		271F9A1D1EB3A66400DF4964 /* ViewController.swift in Sources */ = {isa = PBXBuildFile; fileRef = 271F9A1C1EB3A66400DF4964 /* ViewController.swift */; };
		271F9A201EB3A66400DF4964 /* Main.storyboard in Resources */ = {isa = PBXBuildFile; fileRef = 271F9A1E1EB3A66400DF4964 /* Main.storyboard */; };
		271F9A221EB3A66400DF4964 /* Assets.xcassets in Resources */ = {isa = PBXBuildFile; fileRef = 271F9A211EB3A66400DF4964 /* Assets.xcassets */; };
		271F9A251EB3A66400DF4964 /* LaunchScreen.storyboard in Resources */ = {isa = PBXBuildFile; fileRef = 271F9A231EB3A66400DF4964 /* LaunchScreen.storyboard */; };
		271F9A2D1EB3A79300DF4964 /* GoogleService-Info.plist in Resources */ = {isa = PBXBuildFile; fileRef = 271F9A2C1EB3A79300DF4964 /* GoogleService-Info.plist */; };
		A4CD362778BF26705574D668 /* Pods_TheSocialNetwork.framework in Frameworks */ = {isa = PBXBuildFile; fileRef = D352782B4507F7A189D49A3C /* Pods_TheSocialNetwork.framework */; };
/* End PBXBuildFile section */

/* Begin PBXFileReference section */
		0F355CA452BBB299184649AE /* Pods-TheSocialNetwork.release.xcconfig */ = {isa = PBXFileReference; includeInIndex = 1; lastKnownFileType = text.xcconfig; name = "Pods-TheSocialNetwork.release.xcconfig"; path = "Pods/Target Support Files/Pods-TheSocialNetwork/Pods-TheSocialNetwork.release.xcconfig"; sourceTree = "<group>"; };
		271F9A171EB3A66400DF4964 /* TheSocialNetwork.app */ = {isa = PBXFileReference; explicitFileType = wrapper.application; includeInIndex = 0; path = TheSocialNetwork.app; sourceTree = BUILT_PRODUCTS_DIR; };
		271F9A1A1EB3A66400DF4964 /* AppDelegate.swift */ = {isa = PBXFileReference; lastKnownFileType = sourcecode.swift; path = AppDelegate.swift; sourceTree = "<group>"; };
		271F9A1C1EB3A66400DF4964 /* ViewController.swift */ = {isa = PBXFileReference; lastKnownFileType = sourcecode.swift; path = ViewController.swift; sourceTree = "<group>"; };
		271F9A1F1EB3A66400DF4964 /* Base */ = {isa = PBXFileReference; lastKnownFileType = file.storyboard; name = Base; path = Base.lproj/Main.storyboard; sourceTree = "<group>"; };
		271F9A211EB3A66400DF4964 /* Assets.xcassets */ = {isa = PBXFileReference; lastKnownFileType = folder.assetcatalog; path = Assets.xcassets; sourceTree = "<group>"; };
		271F9A241EB3A66400DF4964 /* Base */ = {isa = PBXFileReference; lastKnownFileType = file.storyboard; name = Base; path = Base.lproj/LaunchScreen.storyboard; sourceTree = "<group>"; };
		271F9A261EB3A66400DF4964 /* Info.plist */ = {isa = PBXFileReference; lastKnownFileType = text.plist.xml; path = Info.plist; sourceTree = "<group>"; };
		271F9A2C1EB3A79300DF4964 /* GoogleService-Info.plist */ = {isa = PBXFileReference; fileEncoding = 4; lastKnownFileType = text.plist.xml; path = "GoogleService-Info.plist"; sourceTree = "<group>"; };
		CB5C8351A46A866CBE87C85D /* Pods-TheSocialNetwork.debug.xcconfig */ = {isa = PBXFileReference; includeInIndex = 1; lastKnownFileType = text.xcconfig; name = "Pods-TheSocialNetwork.debug.xcconfig"; path = "Pods/Target Support Files/Pods-TheSocialNetwork/Pods-TheSocialNetwork.debug.xcconfig"; sourceTree = "<group>"; };
		D352782B4507F7A189D49A3C /* Pods_TheSocialNetwork.framework */ = {isa = PBXFileReference; explicitFileType = wrapper.framework; includeInIndex = 0; path = Pods_TheSocialNetwork.framework; sourceTree = BUILT_PRODUCTS_DIR; };
/* End PBXFileReference section */

/* Begin PBXFrameworksBuildPhase section */
		271F9A141EB3A66400DF4964 /* Frameworks */ = {
			isa = PBXFrameworksBuildPhase;
			buildActionMask = 2147483647;
			files = (
				A4CD362778BF26705574D668 /* Pods_TheSocialNetwork.framework in Frameworks */,
			);
			runOnlyForDeploymentPostprocessing = 0;
		};
/* End PBXFrameworksBuildPhase section */

/* Begin PBXGroup section */
		271F9A0E1EB3A66400DF4964 = {
			isa = PBXGroup;
			children = (
				271F9A191EB3A66400DF4964 /* TheSocialNetwork */,
				271F9A181EB3A66400DF4964 /* Products */,
				69201B26B3AA2CCB50479D2E /* Pods */,
				A5C4F98CB107AE4034A5A0B2 /* Frameworks */,
			);
			sourceTree = "<group>";
		};
		271F9A181EB3A66400DF4964 /* Products */ = {
			isa = PBXGroup;
			children = (
				271F9A171EB3A66400DF4964 /* TheSocialNetwork.app */,
			);
			name = Products;
			sourceTree = "<group>";
		};
		271F9A191EB3A66400DF4964 /* TheSocialNetwork */ = {
			isa = PBXGroup;
			children = (
				271F9A1A1EB3A66400DF4964 /* AppDelegate.swift */,
				271F9A1C1EB3A66400DF4964 /* ViewController.swift */,
				271F9A1E1EB3A66400DF4964 /* Main.storyboard */,
				271F9A211EB3A66400DF4964 /* Assets.xcassets */,
				271F9A231EB3A66400DF4964 /* LaunchScreen.storyboard */,
				271F9A261EB3A66400DF4964 /* Info.plist */,
				271F9A2C1EB3A79300DF4964 /* GoogleService-Info.plist */,
			);
			path = TheSocialNetwork;
			sourceTree = "<group>";
		};
		69201B26B3AA2CCB50479D2E /* Pods */ = {
			isa = PBXGroup;
			children = (
				CB5C8351A46A866CBE87C85D /* Pods-TheSocialNetwork.debug.xcconfig */,
				0F355CA452BBB299184649AE /* Pods-TheSocialNetwork.release.xcconfig */,
			);
			name = Pods;
			sourceTree = "<group>";
		};
		A5C4F98CB107AE4034A5A0B2 /* Frameworks */ = {
			isa = PBXGroup;
			children = (
				D352782B4507F7A189D49A3C /* Pods_TheSocialNetwork.framework */,
			);
			name = Frameworks;
			sourceTree = "<group>";
		};
/* End PBXGroup section */

/* Begin PBXNativeTarget section */
		271F9A161EB3A66400DF4964 /* TheSocialNetwork */ = {
			isa = PBXNativeTarget;
			buildConfigurationList = 271F9A291EB3A66400DF4964 /* Build configuration list for PBXNativeTarget "TheSocialNetwork" */;
			buildPhases = (
				E2DAA515CB9FBD04B8E13CE7 /* [CP] Check Pods Manifest.lock */,
				271F9A131EB3A66400DF4964 /* Sources */,
				271F9A141EB3A66400DF4964 /* Frameworks */,
				271F9A151EB3A66400DF4964 /* Resources */,
				2D38FB3366ED29D8E9932514 /* [CP] Embed Pods Frameworks */,
				993FA7F4EFEB10E5FE778245 /* [CP] Copy Pods Resources */,
			);
			buildRules = (
			);
			dependencies = (
			);
			name = TheSocialNetwork;
			productName = TheSocialNetwork;
			productReference = 271F9A171EB3A66400DF4964 /* TheSocialNetwork.app */;
			productType = "com.apple.product-type.application";
		};
/* End PBXNativeTarget section */

/* Begin PBXProject section */
		271F9A0F1EB3A66400DF4964 /* Project object */ = {
			isa = PBXProject;
			attributes = {
				LastSwiftUpdateCheck = 0830;
				LastUpgradeCheck = 0830;
				ORGANIZATIONNAME = "Mike Sevilla";
				TargetAttributes = {
					271F9A161EB3A66400DF4964 = {
						CreatedOnToolsVersion = 8.3.2;
						DevelopmentTeam = Y786RNTJWH;
						ProvisioningStyle = Automatic;
					};
				};
			};
			buildConfigurationList = 271F9A121EB3A66400DF4964 /* Build configuration list for PBXProject "TheSocialNetwork" */;
			compatibilityVersion = "Xcode 3.2";
			developmentRegion = English;
			hasScannedForEncodings = 0;
			knownRegions = (
				en,
				Base,
			);
			mainGroup = 271F9A0E1EB3A66400DF4964;
			productRefGroup = 271F9A181EB3A66400DF4964 /* Products */;
			projectDirPath = "";
			projectRoot = "";
			targets = (
				271F9A161EB3A66400DF4964 /* TheSocialNetwork */,
			);
		};
/* End PBXProject section */

/* Begin PBXResourcesBuildPhase section */
		271F9A151EB3A66400DF4964 /* Resources */ = {
			isa = PBXResourcesBuildPhase;
			buildActionMask = 2147483647;
			files = (
				271F9A251EB3A66400DF4964 /* LaunchScreen.storyboard in Resources */,
				271F9A2D1EB3A79300DF4964 /* GoogleService-Info.plist in Resources */,
				271F9A221EB3A66400DF4964 /* Assets.xcassets in Resources */,
				271F9A201EB3A66400DF4964 /* Main.storyboard in Resources */,
			);
			runOnlyForDeploymentPostprocessing = 0;
		};
/* End PBXResourcesBuildPhase section */

/* Begin PBXShellScriptBuildPhase section */
		2D38FB3366ED29D8E9932514 /* [CP] Embed Pods Frameworks */ = {
			isa = PBXShellScriptBuildPhase;
			buildActionMask = 2147483647;
			files = (
			);
			inputPaths = (
			);
			name = "[CP] Embed Pods Frameworks";
			outputPaths = (
			);
			runOnlyForDeploymentPostprocessing = 0;
			shellPath = /bin/sh;
			shellScript = "\"${SRCROOT}/Pods/Target Support Files/Pods-TheSocialNetwork/Pods-TheSocialNetwork-frameworks.sh\"\n";
			showEnvVarsInLog = 0;
		};
		993FA7F4EFEB10E5FE778245 /* [CP] Copy Pods Resources */ = {
			isa = PBXShellScriptBuildPhase;
			buildActionMask = 2147483647;
			files = (
			);
			inputPaths = (
			);
			name = "[CP] Copy Pods Resources";
			outputPaths = (
			);
			runOnlyForDeploymentPostprocessing = 0;
			shellPath = /bin/sh;
			shellScript = "\"${SRCROOT}/Pods/Target Support Files/Pods-TheSocialNetwork/Pods-TheSocialNetwork-resources.sh\"\n";
			showEnvVarsInLog = 0;
		};
		E2DAA515CB9FBD04B8E13CE7 /* [CP] Check Pods Manifest.lock */ = {
			isa = PBXShellScriptBuildPhase;
			buildActionMask = 2147483647;
			files = (
			);
			inputPaths = (
			);
			name = "[CP] Check Pods Manifest.lock";
			outputPaths = (
			);
			runOnlyForDeploymentPostprocessing = 0;
			shellPath = /bin/sh;
			shellScript = "diff \"${PODS_ROOT}/../Podfile.lock\" \"${PODS_ROOT}/Manifest.lock\" > /dev/null\nif [ $? != 0 ] ; then\n    # print error to STDERR\n    echo \"error: The sandbox is not in sync with the Podfile.lock. Run 'pod install' or update your CocoaPods installation.\" >&2\n    exit 1\nfi\n";
			showEnvVarsInLog = 0;
		};
/* End PBXShellScriptBuildPhase section */

/* Begin PBXSourcesBuildPhase section */
		271F9A131EB3A66400DF4964 /* Sources */ = {
			isa = PBXSourcesBuildPhase;
			buildActionMask = 2147483647;
			files = (
				271F9A1D1EB3A66400DF4964 /* ViewController.swift in Sources */,
				271F9A1B1EB3A66400DF4964 /* AppDelegate.swift in Sources */,
			);
			runOnlyForDeploymentPostprocessing = 0;
		};
/* End PBXSourcesBuildPhase section */

/* Begin PBXVariantGroup section */
		271F9A1E1EB3A66400DF4964 /* Main.storyboard */ = {
			isa = PBXVariantGroup;
			children = (
				271F9A1F1EB3A66400DF4964 /* Base */,
			);
			name = Main.storyboard;
			sourceTree = "<group>";
		};
		271F9A231EB3A66400DF4964 /* LaunchScreen.storyboard */ = {
			isa = PBXVariantGroup;
			children = (
				271F9A241EB3A66400DF4964 /* Base */,
			);
			name = LaunchScreen.storyboard;
			sourceTree = "<group>";
		};
/* End PBXVariantGroup section */

/* Begin XCBuildConfiguration section */
		271F9A271EB3A66400DF4964 /* Debug */ = {
			isa = XCBuildConfiguration;
			buildSettings = {
				ALWAYS_SEARCH_USER_PATHS = NO;
				CLANG_ANALYZER_NONNULL = YES;
				CLANG_ANALYZER_NUMBER_OBJECT_CONVERSION = YES_AGGRESSIVE;
				CLANG_CXX_LANGUAGE_STANDARD = "gnu++0x";
				CLANG_CXX_LIBRARY = "libc++";
				CLANG_ENABLE_MODULES = YES;
				CLANG_ENABLE_OBJC_ARC = YES;
				CLANG_WARN_BOOL_CONVERSION = YES;
				CLANG_WARN_CONSTANT_CONVERSION = YES;
				CLANG_WARN_DIRECT_OBJC_ISA_USAGE = YES_ERROR;
				CLANG_WARN_DOCUMENTATION_COMMENTS = YES;
				CLANG_WARN_EMPTY_BODY = YES;
				CLANG_WARN_ENUM_CONVERSION = YES;
				CLANG_WARN_INFINITE_RECURSION = YES;
				CLANG_WARN_INT_CONVERSION = YES;
				CLANG_WARN_OBJC_ROOT_CLASS = YES_ERROR;
				CLANG_WARN_SUSPICIOUS_MOVE = YES;
				CLANG_WARN_UNREACHABLE_CODE = YES;
				CLANG_WARN__DUPLICATE_METHOD_MATCH = YES;
				"CODE_SIGN_IDENTITY[sdk=iphoneos*]" = "iPhone Developer";
				COPY_PHASE_STRIP = NO;
				DEBUG_INFORMATION_FORMAT = dwarf;
				ENABLE_STRICT_OBJC_MSGSEND = YES;
				ENABLE_TESTABILITY = YES;
				GCC_C_LANGUAGE_STANDARD = gnu99;
				GCC_DYNAMIC_NO_PIC = NO;
				GCC_NO_COMMON_BLOCKS = YES;
				GCC_OPTIMIZATION_LEVEL = 0;
				GCC_PREPROCESSOR_DEFINITIONS = (
					"DEBUG=1",
					"$(inherited)",
				);
				GCC_WARN_64_TO_32_BIT_CONVERSION = YES;
				GCC_WARN_ABOUT_RETURN_TYPE = YES_ERROR;
				GCC_WARN_UNDECLARED_SELECTOR = YES;
				GCC_WARN_UNINITIALIZED_AUTOS = YES_AGGRESSIVE;
				GCC_WARN_UNUSED_FUNCTION = YES;
				GCC_WARN_UNUSED_VARIABLE = YES;
				IPHONEOS_DEPLOYMENT_TARGET = 10.3;
				MTL_ENABLE_DEBUG_INFO = YES;
				ONLY_ACTIVE_ARCH = YES;
				SDKROOT = iphoneos;
				SWIFT_ACTIVE_COMPILATION_CONDITIONS = DEBUG;
				SWIFT_OPTIMIZATION_LEVEL = "-Onone";
			};
			name = Debug;
		};
		271F9A281EB3A66400DF4964 /* Release */ = {
			isa = XCBuildConfiguration;
			buildSettings = {
				ALWAYS_SEARCH_USER_PATHS = NO;
				CLANG_ANALYZER_NONNULL = YES;
				CLANG_ANALYZER_NUMBER_OBJECT_CONVERSION = YES_AGGRESSIVE;
				CLANG_CXX_LANGUAGE_STANDARD = "gnu++0x";
				CLANG_CXX_LIBRARY = "libc++";
				CLANG_ENABLE_MODULES = YES;
				CLANG_ENABLE_OBJC_ARC = YES;
				CLANG_WARN_BOOL_CONVERSION = YES;
				CLANG_WARN_CONSTANT_CONVERSION = YES;
				CLANG_WARN_DIRECT_OBJC_ISA_USAGE = YES_ERROR;
				CLANG_WARN_DOCUMENTATION_COMMENTS = YES;
				CLANG_WARN_EMPTY_BODY = YES;
				CLANG_WARN_ENUM_CONVERSION = YES;
				CLANG_WARN_INFINITE_RECURSION = YES;
				CLANG_WARN_INT_CONVERSION = YES;
				CLANG_WARN_OBJC_ROOT_CLASS = YES_ERROR;
				CLANG_WARN_SUSPICIOUS_MOVE = YES;
				CLANG_WARN_UNREACHABLE_CODE = YES;
				CLANG_WARN__DUPLICATE_METHOD_MATCH = YES;
				"CODE_SIGN_IDENTITY[sdk=iphoneos*]" = "iPhone Developer";
				COPY_PHASE_STRIP = NO;
				DEBUG_INFORMATION_FORMAT = "dwarf-with-dsym";
				ENABLE_NS_ASSERTIONS = NO;
				ENABLE_STRICT_OBJC_MSGSEND = YES;
				GCC_C_LANGUAGE_STANDARD = gnu99;
				GCC_NO_COMMON_BLOCKS = YES;
				GCC_WARN_64_TO_32_BIT_CONVERSION = YES;
				GCC_WARN_ABOUT_RETURN_TYPE = YES_ERROR;
				GCC_WARN_UNDECLARED_SELECTOR = YES;
				GCC_WARN_UNINITIALIZED_AUTOS = YES_AGGRESSIVE;
				GCC_WARN_UNUSED_FUNCTION = YES;
				GCC_WARN_UNUSED_VARIABLE = YES;
				IPHONEOS_DEPLOYMENT_TARGET = 10.3;
				MTL_ENABLE_DEBUG_INFO = NO;
				SDKROOT = iphoneos;
				SWIFT_OPTIMIZATION_LEVEL = "-Owholemodule";
				VALIDATE_PRODUCT = YES;
			};
			name = Release;
		};
		271F9A2A1EB3A66400DF4964 /* Debug */ = {
			isa = XCBuildConfiguration;
			baseConfigurationReference = CB5C8351A46A866CBE87C85D /* Pods-TheSocialNetwork.debug.xcconfig */;
			buildSettings = {
				ASSETCATALOG_COMPILER_APPICON_NAME = AppIcon;
				DEVELOPMENT_TEAM = Y786RNTJWH;
				INFOPLIST_FILE = TheSocialNetwork/Info.plist;
				LD_RUNPATH_SEARCH_PATHS = "$(inherited) @executable_path/Frameworks";
				PRODUCT_BUNDLE_IDENTIFIER = com.mikesevilla.TheSocialNetwork;
				PRODUCT_NAME = "$(TARGET_NAME)";
				SWIFT_VERSION = 3.0;
			};
			name = Debug;
		};
		271F9A2B1EB3A66400DF4964 /* Release */ = {
			isa = XCBuildConfiguration;
			baseConfigurationReference = 0F355CA452BBB299184649AE /* Pods-TheSocialNetwork.release.xcconfig */;
			buildSettings = {
				ASSETCATALOG_COMPILER_APPICON_NAME = AppIcon;
				DEVELOPMENT_TEAM = Y786RNTJWH;
				INFOPLIST_FILE = TheSocialNetwork/Info.plist;
				LD_RUNPATH_SEARCH_PATHS = "$(inherited) @executable_path/Frameworks";
				PRODUCT_BUNDLE_IDENTIFIER = com.mikesevilla.TheSocialNetwork;
				PRODUCT_NAME = "$(TARGET_NAME)";
				SWIFT_VERSION = 3.0;
			};
			name = Release;
		};
/* End XCBuildConfiguration section */

/* Begin XCConfigurationList section */
		271F9A121EB3A66400DF4964 /* Build configuration list for PBXProject "TheSocialNetwork" */ = {
			isa = XCConfigurationList;
			buildConfigurations = (
				271F9A271EB3A66400DF4964 /* Debug */,
				271F9A281EB3A66400DF4964 /* Release */,
			);
			defaultConfigurationIsVisible = 0;
			defaultConfigurationName = Release;
		};
		271F9A291EB3A66400DF4964 /* Build configuration list for PBXNativeTarget "TheSocialNetwork" */ = {
			isa = XCConfigurationList;
			buildConfigurations = (
				271F9A2A1EB3A66400DF4964 /* Debug */,
				271F9A2B1EB3A66400DF4964 /* Release */,
			);
			defaultConfigurationIsVisible = 0;
		};
/* End XCConfigurationList section */
	};
	rootObject = 271F9A0F1EB3A66400DF4964 /* Project object */;
}
